
Microsoft Visual Studio Solution File, Format Version 12.00
# Visual Studio Version 16
VisualStudioVersion = 16.0.30002.166
MinimumVisualStudioVersion = 10.0.40219.1
Project("{FAE04EC0-301F-11D3-BF4B-00C04F79EFBC}") = "MuOnline-Launcher-WPF", "MuOnline-Launcher-WPF.csproj", "{53C53904-FD3A-42EB-B9E1-8E64A13DA8BB}"
EndProject
Global
	GlobalSection(SolutionConfigurationPlatforms) = preSolution
		Debug|Any CPU = Debug|Any CPU
		Release|Any CPU = Release|Any CPU
	EndGlobalSection
	GlobalSection(ProjectConfigurationPlatforms) = postSolution
		{53C53904-FD3A-42EB-B9E1-8E64A13DA8BB}.Debug|Any CPU.ActiveCfg = Debug|Any CPU
		{53C53904-FD3A-42EB-B9E1-8E64A13DA8BB}.Debug|Any CPU.Build.0 = Debug|Any CPU
		{53C53904-FD3A-42EB-B9E1-8E64A13DA8BB}.Release|Any CPU.ActiveCfg = Release|Any CPU
		{53C53904-FD3A-42EB-B9E1-8E64A13DA8BB}.Release|Any CPU.Build.0 = Release|Any CPU
	EndGlobalSection
	GlobalSection(SolutionProperties) = preSolution
		HideSolutionNode = FALSE
	EndGlobalSection
	GlobalSection(ExtensibilityGlobals) = postSolution
		SolutionGuid = {ACA0D684-9EFC-4132-B30D-5A6B21B1641D}
	EndGlobalSection
EndGlobal
